
Microsoft Visual Studio Solution File, Format Version 12.00
# Visual Studio Version 16
VisualStudioVersion = 16.0.30011.22
MinimumVisualStudioVersion = 10.0.40219.1
Project("{FAE04EC0-301F-11D3-BF4B-00C04F79EFBC}") = "Mod-1SelfAssessment", "Mod-1SelfAssessment\Mod-1SelfAssessment.csproj", "{14CAD444-DECC-4058-B255-15BEFDA9863E}"
EndProject
Global
	GlobalSection(SolutionConfigurationPlatforms) = preSolution
		Debug|Any CPU = Debug|Any CPU
		Release|Any CPU = Release|Any CPU
	EndGlobalSection
	GlobalSection(ProjectConfigurationPlatforms) = postSolution
		{14CAD444-DECC-4058-B255-15BEFDA9863E}.Debug|Any CPU.ActiveCfg = Debug|Any CPU
		{14CAD444-DECC-4058-B255-15BEFDA9863E}.Debug|Any CPU.Build.0 = Debug|Any CPU
		{14CAD444-DECC-4058-B255-15BEFDA9863E}.Release|Any CPU.ActiveCfg = Release|Any CPU
		{14CAD444-DECC-4058-B255-15BEFDA9863E}.Release|Any CPU.Build.0 = Release|Any CPU
	EndGlobalSection
	GlobalSection(SolutionProperties) = preSolution
		HideSolutionNode = FALSE
	EndGlobalSection
	GlobalSection(ExtensibilityGlobals) = postSolution
		SolutionGuid = {DE10849F-B1D4-4445-BDEE-D419C40B14C1}
	EndGlobalSection
EndGlobal
