
Microsoft Visual Studio Solution File, Format Version 12.00
# Visual Studio Version 16
VisualStudioVersion = 16.0.30011.22
MinimumVisualStudioVersion = 10.0.40219.1
Project("{FAE04EC0-301F-11D3-BF4B-00C04F79EFBC}") = "Mod2_Lab1", "Mod2_Lab1\Mod2_Lab1.csproj", "{FADBD210-7243-4D0A-B057-50689E11B682}"
EndProject
Global
	GlobalSection(SolutionConfigurationPlatforms) = preSolution
		Debug|Any CPU = Debug|Any CPU
		Release|Any CPU = Release|Any CPU
	EndGlobalSection
	GlobalSection(ProjectConfigurationPlatforms) = postSolution
		{FADBD210-7243-4D0A-B057-50689E11B682}.Debug|Any CPU.ActiveCfg = Debug|Any CPU
		{FADBD210-7243-4D0A-B057-50689E11B682}.Debug|Any CPU.Build.0 = Debug|Any CPU
		{FADBD210-7243-4D0A-B057-50689E11B682}.Release|Any CPU.ActiveCfg = Release|Any CPU
		{FADBD210-7243-4D0A-B057-50689E11B682}.Release|Any CPU.Build.0 = Release|Any CPU
	EndGlobalSection
	GlobalSection(SolutionProperties) = preSolution
		HideSolutionNode = FALSE
	EndGlobalSection
	GlobalSection(ExtensibilityGlobals) = postSolution
		SolutionGuid = {E8C4DD9D-6750-4886-ADBA-39732B0E34C8}
	EndGlobalSection
EndGlobal
